
Microsoft Visual Studio Solution File, Format Version 12.00
# Visual Studio Version 16
VisualStudioVersion = 16.0.33214.272
MinimumVisualStudioVersion = 10.0.40219.1
Project("{FAE04EC0-301F-11D3-BF4B-00C04F79EFBC}") = "AdventOfCode_1", "AdventOfCode_1\AdventOfCode_1.csproj", "{A7265833-3E45-4DE6-B17F-91161F12EC1D}"
EndProject
Global
	GlobalSection(SolutionConfigurationPlatforms) = preSolution
		Debug|Any CPU = Debug|Any CPU
		Release|Any CPU = Release|Any CPU
	EndGlobalSection
	GlobalSection(ProjectConfigurationPlatforms) = postSolution
		{A7265833-3E45-4DE6-B17F-91161F12EC1D}.Debug|Any CPU.ActiveCfg = Debug|Any CPU
		{A7265833-3E45-4DE6-B17F-91161F12EC1D}.Debug|Any CPU.Build.0 = Debug|Any CPU
		{A7265833-3E45-4DE6-B17F-91161F12EC1D}.Release|Any CPU.ActiveCfg = Release|Any CPU
		{A7265833-3E45-4DE6-B17F-91161F12EC1D}.Release|Any CPU.Build.0 = Release|Any CPU
	EndGlobalSection
	GlobalSection(SolutionProperties) = preSolution
		HideSolutionNode = FALSE
	EndGlobalSection
	GlobalSection(ExtensibilityGlobals) = postSolution
		SolutionGuid = {0921EF25-3A72-4E74-A038-7D056C73F76B}
	EndGlobalSection
EndGlobal
